
Microsoft Visual Studio Solution File, Format Version 12.00
# Visual Studio 15
VisualStudioVersion = 15.0.28307.1525
MinimumVisualStudioVersion = 10.0.40219.1
Project("{FAE04EC0-301F-11D3-BF4B-00C04F79EFBC}") = "CSF2_Examples", "CSF2_Examples\CSF2_Examples.csproj", "{04A85E75-1BBA-4747-84B9-E6081DF5D2A6}"
EndProject
Project("{FAE04EC0-301F-11D3-BF4B-00C04F79EFBC}") = "TryCatch", "TryCatch\TryCatch.csproj", "{7FEBC995-CFFB-48A8-8C74-7A4C9D0A44CA}"
EndProject
Project("{FAE04EC0-301F-11D3-BF4B-00C04F79EFBC}") = "ValuevsReference", "ValuevsReference\ValuevsReference.csproj", "{99934830-1493-4D54-9BC3-C222DD973FF4}"
EndProject
Project("{FAE04EC0-301F-11D3-BF4B-00C04F79EFBC}") = "Recursion", "Recursion\Recursion.csproj", "{167890F3-1848-4A8C-9C66-359075094426}"
EndProject
Global
	GlobalSection(SolutionConfigurationPlatforms) = preSolution
		Debug|Any CPU = Debug|Any CPU
		Release|Any CPU = Release|Any CPU
	EndGlobalSection
	GlobalSection(ProjectConfigurationPlatforms) = postSolution
		{04A85E75-1BBA-4747-84B9-E6081DF5D2A6}.Debug|Any CPU.ActiveCfg = Debug|Any CPU
		{04A85E75-1BBA-4747-84B9-E6081DF5D2A6}.Debug|Any CPU.Build.0 = Debug|Any CPU
		{04A85E75-1BBA-4747-84B9-E6081DF5D2A6}.Release|Any CPU.ActiveCfg = Release|Any CPU
		{04A85E75-1BBA-4747-84B9-E6081DF5D2A6}.Release|Any CPU.Build.0 = Release|Any CPU
		{7FEBC995-CFFB-48A8-8C74-7A4C9D0A44CA}.Debug|Any CPU.ActiveCfg = Debug|Any CPU
		{7FEBC995-CFFB-48A8-8C74-7A4C9D0A44CA}.Debug|Any CPU.Build.0 = Debug|Any CPU
		{7FEBC995-CFFB-48A8-8C74-7A4C9D0A44CA}.Release|Any CPU.ActiveCfg = Release|Any CPU
		{7FEBC995-CFFB-48A8-8C74-7A4C9D0A44CA}.Release|Any CPU.Build.0 = Release|Any CPU
		{99934830-1493-4D54-9BC3-C222DD973FF4}.Debug|Any CPU.ActiveCfg = Debug|Any CPU
		{99934830-1493-4D54-9BC3-C222DD973FF4}.Debug|Any CPU.Build.0 = Debug|Any CPU
		{99934830-1493-4D54-9BC3-C222DD973FF4}.Release|Any CPU.ActiveCfg = Release|Any CPU
		{99934830-1493-4D54-9BC3-C222DD973FF4}.Release|Any CPU.Build.0 = Release|Any CPU
		{167890F3-1848-4A8C-9C66-359075094426}.Debug|Any CPU.ActiveCfg = Debug|Any CPU
		{167890F3-1848-4A8C-9C66-359075094426}.Debug|Any CPU.Build.0 = Debug|Any CPU
		{167890F3-1848-4A8C-9C66-359075094426}.Release|Any CPU.ActiveCfg = Release|Any CPU
		{167890F3-1848-4A8C-9C66-359075094426}.Release|Any CPU.Build.0 = Release|Any CPU
	EndGlobalSection
	GlobalSection(SolutionProperties) = preSolution
		HideSolutionNode = FALSE
	EndGlobalSection
	GlobalSection(ExtensibilityGlobals) = postSolution
		SolutionGuid = {C0C5B30B-3C1B-4823-A546-C5FB8666B59C}
	EndGlobalSection
EndGlobal
